
Microsoft Visual Studio Solution File, Format Version 12.00
# Visual Studio Version 16
VisualStudioVersion = 16.0.31410.357
MinimumVisualStudioVersion = 10.0.40219.1
Project("{FAE04EC0-301F-11D3-BF4B-00C04F79EFBC}") = "Conversor", "Conversor\Conversor.csproj", "{4E60AE70-DBCD-47B2-84B4-A2B49B97861A}"
EndProject
Global
	GlobalSection(SolutionConfigurationPlatforms) = preSolution
		Debug|Any CPU = Debug|Any CPU
		Release|Any CPU = Release|Any CPU
	EndGlobalSection
	GlobalSection(ProjectConfigurationPlatforms) = postSolution
		{4E60AE70-DBCD-47B2-84B4-A2B49B97861A}.Debug|Any CPU.ActiveCfg = Debug|Any CPU
		{4E60AE70-DBCD-47B2-84B4-A2B49B97861A}.Debug|Any CPU.Build.0 = Debug|Any CPU
		{4E60AE70-DBCD-47B2-84B4-A2B49B97861A}.Release|Any CPU.ActiveCfg = Release|Any CPU
		{4E60AE70-DBCD-47B2-84B4-A2B49B97861A}.Release|Any CPU.Build.0 = Release|Any CPU
	EndGlobalSection
	GlobalSection(SolutionProperties) = preSolution
		HideSolutionNode = FALSE
	EndGlobalSection
	GlobalSection(ExtensibilityGlobals) = postSolution
		SolutionGuid = {FC723D6E-0425-4F7A-B3F5-6A6D4B4A3CB0}
	EndGlobalSection
EndGlobal
